{
  "name": "@honeycombio/opentelemetry",
  "version": "0.0.1",
  "lockfileVersion": 2,
  "requires": true,
  "packages": {
    "": {
      "name": "@honeycombio/opentelemetry",
      "version": "0.0.1",
      "license": "Apache-2.0",
      "workspaces": [
        "packages/opentelemetry-node"
      ],
      "devDependencies": {
        "typescript": "^4.8.4"
      },
      "engines": {
        "node": ">=14"
      }
    },
    "node_modules/@honeycombio/opentelemetry-node": {
      "resolved": "packages/opentelemetry-node",
      "link": true
    },
    "node_modules/typescript": {
      "version": "4.8.4",
      "resolved": "https://registry.npmjs.org/typescript/-/typescript-4.8.4.tgz",
      "integrity": "sha512-QCh+85mCy+h0IGff8r5XWzOVSbBO+KfeYrMQh7NJ58QujwcE22u+NUSmUxqF+un70P9GXKxa2HCNiTTMJknyjQ==",
      "dev": true,
      "bin": {
        "tsc": "bin/tsc",
        "tsserver": "bin/tsserver"
      },
      "engines": {
        "node": ">=4.2.0"
      }
    },
    "packages/opentelemetry-node": {
      "name": "@honeycombio/opentelemetry-node",
      "version": "0.0.1",
      "license": "Apache-2.0",
      "devDependencies": {
        "typescript": "^4.8.4"
      }
    }
  },
  "dependencies": {
    "@honeycombio/opentelemetry-node": {
      "version": "file:packages/opentelemetry-node",
      "requires": {
        "typescript": "^4.8.4"
      }
    },
    "typescript": {
      "version": "4.8.4",
      "resolved": "https://registry.npmjs.org/typescript/-/typescript-4.8.4.tgz",
      "integrity": "sha512-QCh+85mCy+h0IGff8r5XWzOVSbBO+KfeYrMQh7NJ58QujwcE22u+NUSmUxqF+un70P9GXKxa2HCNiTTMJknyjQ==",
      "dev": true
    }
  }
}
