{
  "name": "hello-node",
  "version": "0.0.1",
  "lockfileVersion": 2,
  "requires": true,
  "packages": {
    "": {
      "name": "hello-node",
      "version": "0.0.1",
      "license": "Apache-2.0",
      "dependencies": {
        "@honeycombio/opentelemetry-node": "file:../../dist/src"
      }
    },
    "../../dist/src": {},
    "node_modules/@honeycombio/opentelemetry-node": {
      "resolved": "../../dist/src",
      "link": true
    }
  },
  "dependencies": {
    "@honeycombio/opentelemetry-node": {
      "version": "file:../../dist/src"
    }
  }
}
