{
  "name": "example",
  "version": "0.0.1",
  "lockfileVersion": 2,
  "requires": true,
  "packages": {
    "": {
      "name": "example",
      "version": "0.0.1",
      "license": "Apache-2.0",
      "dependencies": {
        "@honeycombio/opentelemetry": "file:../dist"
      }
    },
    "../dist": {},
    "node_modules/@honeycombio/opentelemetry": {
      "resolved": "../dist",
      "link": true
    }
  },
  "dependencies": {
    "@honeycombio/opentelemetry": {
      "version": "file:../dist"
    }
  }
}
